
Microsoft Visual Studio Solution File, Format Version 12.00
# Visual Studio Version 16
VisualStudioVersion = 16.0.29418.71
MinimumVisualStudioVersion = 10.0.40219.1
Project("{9A19103F-16F7-4668-BE54-9A1E7A4F7556}") = "Svr.Core", "Svr.Core\Svr.Core.csproj", "{033699F3-2C5E-4486-A36D-1ADAE5D388D4}"
EndProject
Project("{9A19103F-16F7-4668-BE54-9A1E7A4F7556}") = "Svr.Infrastructure", "Svr.Infrastructure\Svr.Infrastructure.csproj", "{15D30A36-502C-4ECC-A6D8-EABDF345CE03}"
EndProject
Project("{9A19103F-16F7-4668-BE54-9A1E7A4F7556}") = "Svr.Web", "Svr.Web\Svr.Web.csproj", "{ECE7589A-ACC2-46CE-858E-E65AF4606E53}"
	ProjectSection(ProjectDependencies) = postProject
		{15D30A36-502C-4ECC-A6D8-EABDF345CE03} = {15D30A36-502C-4ECC-A6D8-EABDF345CE03}
	EndProjectSection
EndProject
Project("{9A19103F-16F7-4668-BE54-9A1E7A4F7556}") = "Svr.AD", "Svr.AD\Svr.AD.csproj", "{1DEFE725-CEFE-4405-AB26-EFD24B553D9A}"
EndProject
Project("{9A19103F-16F7-4668-BE54-9A1E7A4F7556}") = "Svr.Utils", "Svr.Utils\Svr.Utils.csproj", "{4EEA6C64-BD03-4796-BD79-1F81872EC714}"
	ProjectSection(ProjectDependencies) = postProject
		{15D30A36-502C-4ECC-A6D8-EABDF345CE03} = {15D30A36-502C-4ECC-A6D8-EABDF345CE03}
	EndProjectSection
EndProject
Global
	GlobalSection(SolutionConfigurationPlatforms) = preSolution
		Debug|Any CPU = Debug|Any CPU
		Release|Any CPU = Release|Any CPU
	EndGlobalSection
	GlobalSection(ProjectConfigurationPlatforms) = postSolution
		{033699F3-2C5E-4486-A36D-1ADAE5D388D4}.Debug|Any CPU.ActiveCfg = Debug|Any CPU
		{033699F3-2C5E-4486-A36D-1ADAE5D388D4}.Debug|Any CPU.Build.0 = Debug|Any CPU
		{033699F3-2C5E-4486-A36D-1ADAE5D388D4}.Release|Any CPU.ActiveCfg = Release|Any CPU
		{033699F3-2C5E-4486-A36D-1ADAE5D388D4}.Release|Any CPU.Build.0 = Release|Any CPU
		{15D30A36-502C-4ECC-A6D8-EABDF345CE03}.Debug|Any CPU.ActiveCfg = Debug|Any CPU
		{15D30A36-502C-4ECC-A6D8-EABDF345CE03}.Debug|Any CPU.Build.0 = Debug|Any CPU
		{15D30A36-502C-4ECC-A6D8-EABDF345CE03}.Release|Any CPU.ActiveCfg = Release|Any CPU
		{15D30A36-502C-4ECC-A6D8-EABDF345CE03}.Release|Any CPU.Build.0 = Release|Any CPU
		{ECE7589A-ACC2-46CE-858E-E65AF4606E53}.Debug|Any CPU.ActiveCfg = Debug|Any CPU
		{ECE7589A-ACC2-46CE-858E-E65AF4606E53}.Debug|Any CPU.Build.0 = Debug|Any CPU
		{ECE7589A-ACC2-46CE-858E-E65AF4606E53}.Release|Any CPU.ActiveCfg = Release|Any CPU
		{ECE7589A-ACC2-46CE-858E-E65AF4606E53}.Release|Any CPU.Build.0 = Release|Any CPU
		{1DEFE725-CEFE-4405-AB26-EFD24B553D9A}.Debug|Any CPU.ActiveCfg = Debug|Any CPU
		{1DEFE725-CEFE-4405-AB26-EFD24B553D9A}.Debug|Any CPU.Build.0 = Debug|Any CPU
		{1DEFE725-CEFE-4405-AB26-EFD24B553D9A}.Release|Any CPU.ActiveCfg = Release|Any CPU
		{1DEFE725-CEFE-4405-AB26-EFD24B553D9A}.Release|Any CPU.Build.0 = Release|Any CPU
		{4EEA6C64-BD03-4796-BD79-1F81872EC714}.Debug|Any CPU.ActiveCfg = Debug|Any CPU
		{4EEA6C64-BD03-4796-BD79-1F81872EC714}.Debug|Any CPU.Build.0 = Debug|Any CPU
		{4EEA6C64-BD03-4796-BD79-1F81872EC714}.Release|Any CPU.ActiveCfg = Release|Any CPU
		{4EEA6C64-BD03-4796-BD79-1F81872EC714}.Release|Any CPU.Build.0 = Release|Any CPU
	EndGlobalSection
	GlobalSection(SolutionProperties) = preSolution
		HideSolutionNode = FALSE
	EndGlobalSection
	GlobalSection(ExtensibilityGlobals) = postSolution
		SolutionGuid = {882A2328-D153-4D4B-9EBD-6FD88C9458F2}
	EndGlobalSection
EndGlobal
